
Microsoft Visual Studio Solution File, Format Version 12.00
# Visual Studio 15
VisualStudioVersion = 15.0.26430.16
MinimumVisualStudioVersion = 10.0.40219.1
Project("{FAE04EC0-301F-11D3-BF4B-00C04F79EFBC}") = "SSASDiag", "SSASDiag\SSASDiag.csproj", "{1E7BBA10-01A8-447C-8F6B-215C65EC75CD}"
	ProjectSection(ProjectDependencies) = postProject
		{6EF241B1-63F3-4389-BFB1-E973B82FDAF9} = {6EF241B1-63F3-4389-BFB1-E973B82FDAF9}
	EndProjectSection
EndProject
Project("{FAE04EC0-301F-11D3-BF4B-00C04F79EFBC}") = "ASProfilerTraceImporterCmd", "ASProfilerTraceImporterCmd\ASProfilerTraceImporterCmd.csproj", "{6EF241B1-63F3-4389-BFB1-E973B82FDAF9}"
EndProject
Project("{E24C65DC-7377-472B-9ABA-BC803B73C61A}") = "SSASDiagUpdateSite", "..\SSASDiagUpdateSite\", "{633918FA-37C7-4167-8B86-5E33E010F606}"
	ProjectSection(WebsiteProperties) = preProject
		TargetFrameworkMoniker = ".NETFramework,Version%3Dv4.5.2"
		Debug.AspNetCompiler.VirtualPath = "/localhost_17039"
		Debug.AspNetCompiler.PhysicalPath = "..\SSASDiagUpdateSite\"
		Debug.AspNetCompiler.TargetPath = "PrecompiledWeb\localhost_17039\"
		Debug.AspNetCompiler.Updateable = "true"
		Debug.AspNetCompiler.ForceOverwrite = "true"
		Debug.AspNetCompiler.FixedNames = "false"
		Debug.AspNetCompiler.Debug = "True"
		Release.AspNetCompiler.VirtualPath = "/localhost_17039"
		Release.AspNetCompiler.PhysicalPath = "..\SSASDiagUpdateSite\"
		Release.AspNetCompiler.TargetPath = "PrecompiledWeb\localhost_17039\"
		Release.AspNetCompiler.Updateable = "true"
		Release.AspNetCompiler.ForceOverwrite = "true"
		Release.AspNetCompiler.FixedNames = "false"
		Release.AspNetCompiler.Debug = "False"
		VWDPort = "17039"
		SlnRelativePath = "..\SSASDiagUpdateSite\"
	EndProjectSection
EndProject
Project("{8BC9CEB8-8B4A-11D0-8D11-00A0C91BC942}") = "SSASDiagService", "SSASDiagService\SSASDiagService.vcxproj", "{D74BC924-2842-4055-8136-74D3F14941D4}"
EndProject
Project("{FAE04EC0-301F-11D3-BF4B-00C04F79EFBC}") = "SimpleMDXParser", "SSASDiag\SimpleMDXParser\SimpleMDXParser.csproj", "{7D6F7E70-2D7A-4D66-A1AD-8CC87600F012}"
EndProject
Global
	GlobalSection(SolutionConfigurationPlatforms) = preSolution
		Debug|Any CPU = Debug|Any CPU
		Debug|x86 = Debug|x86
		Release|Any CPU = Release|Any CPU
		Release|x86 = Release|x86
	EndGlobalSection
	GlobalSection(ProjectConfigurationPlatforms) = postSolution
		{1E7BBA10-01A8-447C-8F6B-215C65EC75CD}.Debug|Any CPU.ActiveCfg = Debug|Any CPU
		{1E7BBA10-01A8-447C-8F6B-215C65EC75CD}.Debug|Any CPU.Build.0 = Debug|Any CPU
		{1E7BBA10-01A8-447C-8F6B-215C65EC75CD}.Debug|x86.ActiveCfg = Debug|Any CPU
		{1E7BBA10-01A8-447C-8F6B-215C65EC75CD}.Debug|x86.Build.0 = Debug|Any CPU
		{1E7BBA10-01A8-447C-8F6B-215C65EC75CD}.Release|Any CPU.ActiveCfg = Release|Any CPU
		{1E7BBA10-01A8-447C-8F6B-215C65EC75CD}.Release|Any CPU.Build.0 = Release|Any CPU
		{1E7BBA10-01A8-447C-8F6B-215C65EC75CD}.Release|x86.ActiveCfg = Release|Any CPU
		{1E7BBA10-01A8-447C-8F6B-215C65EC75CD}.Release|x86.Build.0 = Release|Any CPU
		{6EF241B1-63F3-4389-BFB1-E973B82FDAF9}.Debug|Any CPU.ActiveCfg = Debug|Any CPU
		{6EF241B1-63F3-4389-BFB1-E973B82FDAF9}.Debug|Any CPU.Build.0 = Debug|Any CPU
		{6EF241B1-63F3-4389-BFB1-E973B82FDAF9}.Debug|x86.ActiveCfg = Debug|Any CPU
		{6EF241B1-63F3-4389-BFB1-E973B82FDAF9}.Debug|x86.Build.0 = Debug|Any CPU
		{6EF241B1-63F3-4389-BFB1-E973B82FDAF9}.Release|Any CPU.ActiveCfg = Release|Any CPU
		{6EF241B1-63F3-4389-BFB1-E973B82FDAF9}.Release|Any CPU.Build.0 = Release|Any CPU
		{6EF241B1-63F3-4389-BFB1-E973B82FDAF9}.Release|x86.ActiveCfg = Release|Any CPU
		{6EF241B1-63F3-4389-BFB1-E973B82FDAF9}.Release|x86.Build.0 = Release|Any CPU
		{633918FA-37C7-4167-8B86-5E33E010F606}.Debug|Any CPU.ActiveCfg = Debug|Any CPU
		{633918FA-37C7-4167-8B86-5E33E010F606}.Debug|Any CPU.Build.0 = Debug|Any CPU
		{633918FA-37C7-4167-8B86-5E33E010F606}.Debug|x86.ActiveCfg = Debug|Any CPU
		{633918FA-37C7-4167-8B86-5E33E010F606}.Debug|x86.Build.0 = Debug|Any CPU
		{633918FA-37C7-4167-8B86-5E33E010F606}.Release|Any CPU.ActiveCfg = Debug|Any CPU
		{633918FA-37C7-4167-8B86-5E33E010F606}.Release|Any CPU.Build.0 = Debug|Any CPU
		{633918FA-37C7-4167-8B86-5E33E010F606}.Release|x86.ActiveCfg = Debug|Any CPU
		{633918FA-37C7-4167-8B86-5E33E010F606}.Release|x86.Build.0 = Debug|Any CPU
		{D74BC924-2842-4055-8136-74D3F14941D4}.Debug|Any CPU.ActiveCfg = Debug|Win32
		{D74BC924-2842-4055-8136-74D3F14941D4}.Debug|x86.ActiveCfg = Debug|Win32
		{D74BC924-2842-4055-8136-74D3F14941D4}.Debug|x86.Build.0 = Debug|Win32
		{D74BC924-2842-4055-8136-74D3F14941D4}.Release|Any CPU.ActiveCfg = Release|Win32
		{D74BC924-2842-4055-8136-74D3F14941D4}.Release|x86.ActiveCfg = Release|Win32
		{D74BC924-2842-4055-8136-74D3F14941D4}.Release|x86.Build.0 = Release|Win32
		{7D6F7E70-2D7A-4D66-A1AD-8CC87600F012}.Debug|Any CPU.ActiveCfg = Debug|x86
		{7D6F7E70-2D7A-4D66-A1AD-8CC87600F012}.Debug|x86.ActiveCfg = Debug|x86
		{7D6F7E70-2D7A-4D66-A1AD-8CC87600F012}.Debug|x86.Build.0 = Debug|x86
		{7D6F7E70-2D7A-4D66-A1AD-8CC87600F012}.Release|Any CPU.ActiveCfg = Release|x86
		{7D6F7E70-2D7A-4D66-A1AD-8CC87600F012}.Release|x86.ActiveCfg = Release|x86
		{7D6F7E70-2D7A-4D66-A1AD-8CC87600F012}.Release|x86.Build.0 = Release|x86
	EndGlobalSection
	GlobalSection(SolutionProperties) = preSolution
		HideSolutionNode = FALSE
	EndGlobalSection
	GlobalSection(ExtensibilityGlobals) = postSolution
		EnterpriseLibraryConfigurationToolBinariesPathV6 = packages\EnterpriseLibrary.Common.6.0.1304.0\lib\NET45;packages\EnterpriseLibrary.Logging.6.0.1304.0\lib\NET45
	EndGlobalSection
EndGlobal
