
Microsoft Visual Studio Solution File, Format Version 12.00
# Visual Studio 14
VisualStudioVersion = 14.0.25420.1
MinimumVisualStudioVersion = 10.0.40219.1
Project("{FAE04EC0-301F-11D3-BF4B-00C04F79EFBC}") = "SSASDiag", "SSASDiag\SSASDiag.csproj", "{1E7BBA10-01A8-447C-8F6B-215C65EC75CD}"
	ProjectSection(ProjectDependencies) = postProject
		{9E72E182-4640-419F-9EAD-CBE00B76DDA3} = {9E72E182-4640-419F-9EAD-CBE00B76DDA3}
	EndProjectSection
EndProject
Project("{FAE04EC0-301F-11D3-BF4B-00C04F79EFBC}") = "ExtractDbNamesFromTrace", "ExtractDbNamesFromTrace\ExtractDbNamesFromTrace.csproj", "{9E72E182-4640-419F-9EAD-CBE00B76DDA3}"
EndProject
Global
	GlobalSection(SolutionConfigurationPlatforms) = preSolution
		Debug|Any CPU = Debug|Any CPU
		Release|Any CPU = Release|Any CPU
	EndGlobalSection
	GlobalSection(ProjectConfigurationPlatforms) = postSolution
		{1E7BBA10-01A8-447C-8F6B-215C65EC75CD}.Debug|Any CPU.ActiveCfg = Debug|Any CPU
		{1E7BBA10-01A8-447C-8F6B-215C65EC75CD}.Debug|Any CPU.Build.0 = Debug|Any CPU
		{1E7BBA10-01A8-447C-8F6B-215C65EC75CD}.Release|Any CPU.ActiveCfg = Release|Any CPU
		{1E7BBA10-01A8-447C-8F6B-215C65EC75CD}.Release|Any CPU.Build.0 = Release|Any CPU
		{9E72E182-4640-419F-9EAD-CBE00B76DDA3}.Debug|Any CPU.ActiveCfg = Debug|Any CPU
		{9E72E182-4640-419F-9EAD-CBE00B76DDA3}.Debug|Any CPU.Build.0 = Debug|Any CPU
		{9E72E182-4640-419F-9EAD-CBE00B76DDA3}.Release|Any CPU.ActiveCfg = Release|Any CPU
		{9E72E182-4640-419F-9EAD-CBE00B76DDA3}.Release|Any CPU.Build.0 = Release|Any CPU
	EndGlobalSection
	GlobalSection(SolutionProperties) = preSolution
		HideSolutionNode = FALSE
	EndGlobalSection
EndGlobal
